
Microsoft Visual Studio Solution File, Format Version 12.00
# Visual Studio 2017
Project("{FAE04EC0-301F-11D3-BF4B-00C04F79EFBC}") = "Make It By Myself", "Make It By Myself.csproj", "{DF7EACAC-0A4D-7D6F-E44C-5319C9E577F0}"
EndProject
Global
	GlobalSection(SolutionConfigurationPlatforms) = preSolution
		Debug|Any CPU = Debug|Any CPU
		Release|Any CPU = Release|Any CPU
	EndGlobalSection
	GlobalSection(ProjectConfigurationPlatforms) = postSolution
		{DF7EACAC-0A4D-7D6F-E44C-5319C9E577F0}.Debug|Any CPU.ActiveCfg = Debug|Any CPU
		{DF7EACAC-0A4D-7D6F-E44C-5319C9E577F0}.Debug|Any CPU.Build.0 = Debug|Any CPU
		{DF7EACAC-0A4D-7D6F-E44C-5319C9E577F0}.Release|Any CPU.ActiveCfg = Release|Any CPU
		{DF7EACAC-0A4D-7D6F-E44C-5319C9E577F0}.Release|Any CPU.Build.0 = Release|Any CPU
	EndGlobalSection
	GlobalSection(SolutionProperties) = preSolution
		HideSolutionNode = FALSE
	EndGlobalSection
EndGlobal
